// !$*UTF8*$!
{
	archiveVersion = 1;
	classes = {
	};
	objectVersion = 55;
	objects = {

/* Begin PBXBuildFile section */
		445E7B93277165E200EE8C05 /* Tests_iOS.swift in Sources */ = {isa = PBXBuildFile; fileRef = 445E7B92277165E200EE8C05 /* Tests_iOS.swift */; };
		445E7B95277165E200EE8C05 /* Tests_iOSLaunchTests.swift in Sources */ = {isa = PBXBuildFile; fileRef = 445E7B94277165E200EE8C05 /* Tests_iOSLaunchTests.swift */; };
		445E7B9F277165E200EE8C05 /* Tests_macOS.swift in Sources */ = {isa = PBXBuildFile; fileRef = 445E7B9E277165E200EE8C05 /* Tests_macOS.swift */; };
		445E7BA1277165E200EE8C05 /* Tests_macOSLaunchTests.swift in Sources */ = {isa = PBXBuildFile; fileRef = 445E7BA0277165E200EE8C05 /* Tests_macOSLaunchTests.swift */; };
		445E7BA2277165E200EE8C05 /* SC2DBApp.swift in Sources */ = {isa = PBXBuildFile; fileRef = 445E7B7A277165E100EE8C05 /* SC2DBApp.swift */; };
		445E7BA3277165E200EE8C05 /* SC2DBApp.swift in Sources */ = {isa = PBXBuildFile; fileRef = 445E7B7A277165E100EE8C05 /* SC2DBApp.swift */; };
		445E7BA4277165E200EE8C05 /* ContentView.swift in Sources */ = {isa = PBXBuildFile; fileRef = 445E7B7B277165E100EE8C05 /* ContentView.swift */; };
		445E7BA5277165E200EE8C05 /* ContentView.swift in Sources */ = {isa = PBXBuildFile; fileRef = 445E7B7B277165E100EE8C05 /* ContentView.swift */; };
		445E7BA6277165E200EE8C05 /* Assets.xcassets in Resources */ = {isa = PBXBuildFile; fileRef = 445E7B7C277165E200EE8C05 /* Assets.xcassets */; };
		445E7BA7277165E200EE8C05 /* Assets.xcassets in Resources */ = {isa = PBXBuildFile; fileRef = 445E7B7C277165E200EE8C05 /* Assets.xcassets */; };
		445E7BB72772603100EE8C05 /* VideoListView.swift in Sources */ = {isa = PBXBuildFile; fileRef = 445E7BB62772603100EE8C05 /* VideoListView.swift */; };
		445E7BB82772603100EE8C05 /* VideoListView.swift in Sources */ = {isa = PBXBuildFile; fileRef = 445E7BB62772603100EE8C05 /* VideoListView.swift */; };
		445E7BBA2772620F00EE8C05 /* BlueTwoView.swift in Sources */ = {isa = PBXBuildFile; fileRef = 445E7BB92772620F00EE8C05 /* BlueTwoView.swift */; };
		445E7BBB2772620F00EE8C05 /* BlueTwoView.swift in Sources */ = {isa = PBXBuildFile; fileRef = 445E7BB92772620F00EE8C05 /* BlueTwoView.swift */; };
		445E7BBD2772621D00EE8C05 /* GreenThreeView.swift in Sources */ = {isa = PBXBuildFile; fileRef = 445E7BBC2772621D00EE8C05 /* GreenThreeView.swift */; };
		445E7BBE2772621D00EE8C05 /* GreenThreeView.swift in Sources */ = {isa = PBXBuildFile; fileRef = 445E7BBC2772621D00EE8C05 /* GreenThreeView.swift */; };
		44DD20952787978B007A9D8E /* Video.swift in Sources */ = {isa = PBXBuildFile; fileRef = 44DD20942787978B007A9D8E /* Video.swift */; };
		44DD20962787978B007A9D8E /* Video.swift in Sources */ = {isa = PBXBuildFile; fileRef = 44DD20942787978B007A9D8E /* Video.swift */; };
/* End PBXBuildFile section */

/* Begin PBXContainerItemProxy section */
		445E7B8F277165E200EE8C05 /* PBXContainerItemProxy */ = {
			isa = PBXContainerItemProxy;
			containerPortal = 445E7B75277165E100EE8C05 /* Project object */;
			proxyType = 1;
			remoteGlobalIDString = 445E7B80277165E200EE8C05;
			remoteInfo = "SC2DB (iOS)";
		};
		445E7B9B277165E200EE8C05 /* PBXContainerItemProxy */ = {
			isa = PBXContainerItemProxy;
			containerPortal = 445E7B75277165E100EE8C05 /* Project object */;
			proxyType = 1;
			remoteGlobalIDString = 445E7B86277165E200EE8C05;
			remoteInfo = "SC2DB (macOS)";
		};
/* End PBXContainerItemProxy section */

/* Begin PBXFileReference section */
		445E7B7A277165E100EE8C05 /* SC2DBApp.swift */ = {isa = PBXFileReference; lastKnownFileType = sourcecode.swift; path = SC2DBApp.swift; sourceTree = "<group>"; };
		445E7B7B277165E100EE8C05 /* ContentView.swift */ = {isa = PBXFileReference; lastKnownFileType = sourcecode.swift; path = ContentView.swift; sourceTree = "<group>"; };
		445E7B7C277165E200EE8C05 /* Assets.xcassets */ = {isa = PBXFileReference; lastKnownFileType = folder.assetcatalog; path = Assets.xcassets; sourceTree = "<group>"; };
		445E7B81277165E200EE8C05 /* SC2DB.app */ = {isa = PBXFileReference; explicitFileType = wrapper.application; includeInIndex = 0; path = SC2DB.app; sourceTree = BUILT_PRODUCTS_DIR; };
		445E7B87277165E200EE8C05 /* SC2DB.app */ = {isa = PBXFileReference; explicitFileType = wrapper.application; includeInIndex = 0; path = SC2DB.app; sourceTree = BUILT_PRODUCTS_DIR; };
		445E7B89277165E200EE8C05 /* macOS.entitlements */ = {isa = PBXFileReference; lastKnownFileType = text.plist.entitlements; path = macOS.entitlements; sourceTree = "<group>"; };
		445E7B8E277165E200EE8C05 /* Tests iOS.xctest */ = {isa = PBXFileReference; explicitFileType = wrapper.cfbundle; includeInIndex = 0; path = "Tests iOS.xctest"; sourceTree = BUILT_PRODUCTS_DIR; };
		445E7B92277165E200EE8C05 /* Tests_iOS.swift */ = {isa = PBXFileReference; lastKnownFileType = sourcecode.swift; path = Tests_iOS.swift; sourceTree = "<group>"; };
		445E7B94277165E200EE8C05 /* Tests_iOSLaunchTests.swift */ = {isa = PBXFileReference; lastKnownFileType = sourcecode.swift; path = Tests_iOSLaunchTests.swift; sourceTree = "<group>"; };
		445E7B9A277165E200EE8C05 /* Tests macOS.xctest */ = {isa = PBXFileReference; explicitFileType = wrapper.cfbundle; includeInIndex = 0; path = "Tests macOS.xctest"; sourceTree = BUILT_PRODUCTS_DIR; };
		445E7B9E277165E200EE8C05 /* Tests_macOS.swift */ = {isa = PBXFileReference; lastKnownFileType = sourcecode.swift; path = Tests_macOS.swift; sourceTree = "<group>"; };
		445E7BA0277165E200EE8C05 /* Tests_macOSLaunchTests.swift */ = {isa = PBXFileReference; lastKnownFileType = sourcecode.swift; path = Tests_macOSLaunchTests.swift; sourceTree = "<group>"; };
		445E7BB62772603100EE8C05 /* VideoListView.swift */ = {isa = PBXFileReference; lastKnownFileType = sourcecode.swift; path = VideoListView.swift; sourceTree = "<group>"; };
		445E7BB92772620F00EE8C05 /* BlueTwoView.swift */ = {isa = PBXFileReference; lastKnownFileType = sourcecode.swift; path = BlueTwoView.swift; sourceTree = "<group>"; };
		445E7BBC2772621D00EE8C05 /* GreenThreeView.swift */ = {isa = PBXFileReference; lastKnownFileType = sourcecode.swift; path = GreenThreeView.swift; sourceTree = "<group>"; };
		44DD20942787978B007A9D8E /* Video.swift */ = {isa = PBXFileReference; lastKnownFileType = sourcecode.swift; path = Video.swift; sourceTree = "<group>"; };
/* End PBXFileReference section */

/* Begin PBXFrameworksBuildPhase section */
		445E7B7E277165E200EE8C05 /* Frameworks */ = {
			isa = PBXFrameworksBuildPhase;
			buildActionMask = 2147483647;
			files = (
			);
			runOnlyForDeploymentPostprocessing = 0;
		};
		445E7B84277165E200EE8C05 /* Frameworks */ = {
			isa = PBXFrameworksBuildPhase;
			buildActionMask = 2147483647;
			files = (
			);
			runOnlyForDeploymentPostprocessing = 0;
		};
		445E7B8B277165E200EE8C05 /* Frameworks */ = {
			isa = PBXFrameworksBuildPhase;
			buildActionMask = 2147483647;
			files = (
			);
			runOnlyForDeploymentPostprocessing = 0;
		};
		445E7B97277165E200EE8C05 /* Frameworks */ = {
			isa = PBXFrameworksBuildPhase;
			buildActionMask = 2147483647;
			files = (
			);
			runOnlyForDeploymentPostprocessing = 0;
		};
/* End PBXFrameworksBuildPhase section */

/* Begin PBXGroup section */
		445E7B74277165E100EE8C05 = {
			isa = PBXGroup;
			children = (
				445E7B79277165E100EE8C05 /* Shared */,
				445E7B88277165E200EE8C05 /* macOS */,
				445E7B91277165E200EE8C05 /* Tests iOS */,
				445E7B9D277165E200EE8C05 /* Tests macOS */,
				445E7B82277165E200EE8C05 /* Products */,
			);
			sourceTree = "<group>";
		};
		445E7B79277165E100EE8C05 /* Shared */ = {
			isa = PBXGroup;
			children = (
				445E7B7A277165E100EE8C05 /* SC2DBApp.swift */,
				445E7B7B277165E100EE8C05 /* ContentView.swift */,
				445E7BB62772603100EE8C05 /* VideoListView.swift */,
				445E7BB92772620F00EE8C05 /* BlueTwoView.swift */,
				445E7BBC2772621D00EE8C05 /* GreenThreeView.swift */,
				445E7B7C277165E200EE8C05 /* Assets.xcassets */,
				44DD20942787978B007A9D8E /* Video.swift */,
			);
			path = Shared;
			sourceTree = "<group>";
		};
		445E7B82277165E200EE8C05 /* Products */ = {
			isa = PBXGroup;
			children = (
				445E7B81277165E200EE8C05 /* SC2DB.app */,
				445E7B87277165E200EE8C05 /* SC2DB.app */,
				445E7B8E277165E200EE8C05 /* Tests iOS.xctest */,
				445E7B9A277165E200EE8C05 /* Tests macOS.xctest */,
			);
			name = Products;
			sourceTree = "<group>";
		};
		445E7B88277165E200EE8C05 /* macOS */ = {
			isa = PBXGroup;
			children = (
				445E7B89277165E200EE8C05 /* macOS.entitlements */,
			);
			path = macOS;
			sourceTree = "<group>";
		};
		445E7B91277165E200EE8C05 /* Tests iOS */ = {
			isa = PBXGroup;
			children = (
				445E7B92277165E200EE8C05 /* Tests_iOS.swift */,
				445E7B94277165E200EE8C05 /* Tests_iOSLaunchTests.swift */,
			);
			path = "Tests iOS";
			sourceTree = "<group>";
		};
		445E7B9D277165E200EE8C05 /* Tests macOS */ = {
			isa = PBXGroup;
			children = (
				445E7B9E277165E200EE8C05 /* Tests_macOS.swift */,
				445E7BA0277165E200EE8C05 /* Tests_macOSLaunchTests.swift */,
			);
			path = "Tests macOS";
			sourceTree = "<group>";
		};
/* End PBXGroup section */

/* Begin PBXNativeTarget section */
		445E7B80277165E200EE8C05 /* SC2DB (iOS) */ = {
			isa = PBXNativeTarget;
			buildConfigurationList = 445E7BAA277165E200EE8C05 /* Build configuration list for PBXNativeTarget "SC2DB (iOS)" */;
			buildPhases = (
				445E7B7D277165E200EE8C05 /* Sources */,
				445E7B7E277165E200EE8C05 /* Frameworks */,
				445E7B7F277165E200EE8C05 /* Resources */,
			);
			buildRules = (
			);
			dependencies = (
			);
			name = "SC2DB (iOS)";
			productName = "SC2DB (iOS)";
			productReference = 445E7B81277165E200EE8C05 /* SC2DB.app */;
			productType = "com.apple.product-type.application";
		};
		445E7B86277165E200EE8C05 /* SC2DB (macOS) */ = {
			isa = PBXNativeTarget;
			buildConfigurationList = 445E7BAD277165E200EE8C05 /* Build configuration list for PBXNativeTarget "SC2DB (macOS)" */;
			buildPhases = (
				445E7B83277165E200EE8C05 /* Sources */,
				445E7B84277165E200EE8C05 /* Frameworks */,
				445E7B85277165E200EE8C05 /* Resources */,
			);
			buildRules = (
			);
			dependencies = (
			);
			name = "SC2DB (macOS)";
			productName = "SC2DB (macOS)";
			productReference = 445E7B87277165E200EE8C05 /* SC2DB.app */;
			productType = "com.apple.product-type.application";
		};
		445E7B8D277165E200EE8C05 /* Tests iOS */ = {
			isa = PBXNativeTarget;
			buildConfigurationList = 445E7BB0277165E200EE8C05 /* Build configuration list for PBXNativeTarget "Tests iOS" */;
			buildPhases = (
				445E7B8A277165E200EE8C05 /* Sources */,
				445E7B8B277165E200EE8C05 /* Frameworks */,
				445E7B8C277165E200EE8C05 /* Resources */,
			);
			buildRules = (
			);
			dependencies = (
				445E7B90277165E200EE8C05 /* PBXTargetDependency */,
			);
			name = "Tests iOS";
			productName = "Tests iOS";
			productReference = 445E7B8E277165E200EE8C05 /* Tests iOS.xctest */;
			productType = "com.apple.product-type.bundle.ui-testing";
		};
		445E7B99277165E200EE8C05 /* Tests macOS */ = {
			isa = PBXNativeTarget;
			buildConfigurationList = 445E7BB3277165E200EE8C05 /* Build configuration list for PBXNativeTarget "Tests macOS" */;
			buildPhases = (
				445E7B96277165E200EE8C05 /* Sources */,
				445E7B97277165E200EE8C05 /* Frameworks */,
				445E7B98277165E200EE8C05 /* Resources */,
			);
			buildRules = (
			);
			dependencies = (
				445E7B9C277165E200EE8C05 /* PBXTargetDependency */,
			);
			name = "Tests macOS";
			productName = "Tests macOS";
			productReference = 445E7B9A277165E200EE8C05 /* Tests macOS.xctest */;
			productType = "com.apple.product-type.bundle.ui-testing";
		};
/* End PBXNativeTarget section */

/* Begin PBXProject section */
		445E7B75277165E100EE8C05 /* Project object */ = {
			isa = PBXProject;
			attributes = {
				BuildIndependentTargetsInParallel = 1;
				LastSwiftUpdateCheck = 1320;
				LastUpgradeCheck = 1320;
				TargetAttributes = {
					445E7B80277165E200EE8C05 = {
						CreatedOnToolsVersion = 13.2.1;
					};
					445E7B86277165E200EE8C05 = {
						CreatedOnToolsVersion = 13.2.1;
					};
					445E7B8D277165E200EE8C05 = {
						CreatedOnToolsVersion = 13.2.1;
						TestTargetID = 445E7B80277165E200EE8C05;
					};
					445E7B99277165E200EE8C05 = {
						CreatedOnToolsVersion = 13.2.1;
						TestTargetID = 445E7B86277165E200EE8C05;
					};
				};
			};
			buildConfigurationList = 445E7B78277165E100EE8C05 /* Build configuration list for PBXProject "SC2DB" */;
			compatibilityVersion = "Xcode 13.0";
			developmentRegion = en;
			hasScannedForEncodings = 0;
			knownRegions = (
				en,
				Base,
			);
			mainGroup = 445E7B74277165E100EE8C05;
			productRefGroup = 445E7B82277165E200EE8C05 /* Products */;
			projectDirPath = "";
			projectRoot = "";
			targets = (
				445E7B80277165E200EE8C05 /* SC2DB (iOS) */,
				445E7B86277165E200EE8C05 /* SC2DB (macOS) */,
				445E7B8D277165E200EE8C05 /* Tests iOS */,
				445E7B99277165E200EE8C05 /* Tests macOS */,
			);
		};
/* End PBXProject section */

/* Begin PBXResourcesBuildPhase section */
		445E7B7F277165E200EE8C05 /* Resources */ = {
			isa = PBXResourcesBuildPhase;
			buildActionMask = 2147483647;
			files = (
				445E7BA6277165E200EE8C05 /* Assets.xcassets in Resources */,
			);
			runOnlyForDeploymentPostprocessing = 0;
		};
		445E7B85277165E200EE8C05 /* Resources */ = {
			isa = PBXResourcesBuildPhase;
			buildActionMask = 2147483647;
			files = (
				445E7BA7277165E200EE8C05 /* Assets.xcassets in Resources */,
			);
			runOnlyForDeploymentPostprocessing = 0;
		};
		445E7B8C277165E200EE8C05 /* Resources */ = {
			isa = PBXResourcesBuildPhase;
			buildActionMask = 2147483647;
			files = (
			);
			runOnlyForDeploymentPostprocessing = 0;
		};
		445E7B98277165E200EE8C05 /* Resources */ = {
			isa = PBXResourcesBuildPhase;
			buildActionMask = 2147483647;
			files = (
			);
			runOnlyForDeploymentPostprocessing = 0;
		};
/* End PBXResourcesBuildPhase section */

/* Begin PBXSourcesBuildPhase section */
		445E7B7D277165E200EE8C05 /* Sources */ = {
			isa = PBXSourcesBuildPhase;
			buildActionMask = 2147483647;
			files = (
				445E7BA4277165E200EE8C05 /* ContentView.swift in Sources */,
				44DD20952787978B007A9D8E /* Video.swift in Sources */,
				445E7BBA2772620F00EE8C05 /* BlueTwoView.swift in Sources */,
				445E7BB72772603100EE8C05 /* VideoListView.swift in Sources */,
				445E7BA2277165E200EE8C05 /* SC2DBApp.swift in Sources */,
				445E7BBD2772621D00EE8C05 /* GreenThreeView.swift in Sources */,
			);
			runOnlyForDeploymentPostprocessing = 0;
		};
		445E7B83277165E200EE8C05 /* Sources */ = {
			isa = PBXSourcesBuildPhase;
			buildActionMask = 2147483647;
			files = (
				445E7BA5277165E200EE8C05 /* ContentView.swift in Sources */,
				44DD20962787978B007A9D8E /* Video.swift in Sources */,
				445E7BBB2772620F00EE8C05 /* BlueTwoView.swift in Sources */,
				445E7BB82772603100EE8C05 /* VideoListView.swift in Sources */,
				445E7BA3277165E200EE8C05 /* SC2DBApp.swift in Sources */,
				445E7BBE2772621D00EE8C05 /* GreenThreeView.swift in Sources */,
			);
			runOnlyForDeploymentPostprocessing = 0;
		};
		445E7B8A277165E200EE8C05 /* Sources */ = {
			isa = PBXSourcesBuildPhase;
			buildActionMask = 2147483647;
			files = (
				445E7B95277165E200EE8C05 /* Tests_iOSLaunchTests.swift in Sources */,
				445E7B93277165E200EE8C05 /* Tests_iOS.swift in Sources */,
			);
			runOnlyForDeploymentPostprocessing = 0;
		};
		445E7B96277165E200EE8C05 /* Sources */ = {
			isa = PBXSourcesBuildPhase;
			buildActionMask = 2147483647;
			files = (
				445E7BA1277165E200EE8C05 /* Tests_macOSLaunchTests.swift in Sources */,
				445E7B9F277165E200EE8C05 /* Tests_macOS.swift in Sources */,
			);
			runOnlyForDeploymentPostprocessing = 0;
		};
/* End PBXSourcesBuildPhase section */

/* Begin PBXTargetDependency section */
		445E7B90277165E200EE8C05 /* PBXTargetDependency */ = {
			isa = PBXTargetDependency;
			target = 445E7B80277165E200EE8C05 /* SC2DB (iOS) */;
			targetProxy = 445E7B8F277165E200EE8C05 /* PBXContainerItemProxy */;
		};
		445E7B9C277165E200EE8C05 /* PBXTargetDependency */ = {
			isa = PBXTargetDependency;
			target = 445E7B86277165E200EE8C05 /* SC2DB (macOS) */;
			targetProxy = 445E7B9B277165E200EE8C05 /* PBXContainerItemProxy */;
		};
/* End PBXTargetDependency section */

/* Begin XCBuildConfiguration section */
		445E7BA8277165E200EE8C05 /* Debug */ = {
			isa = XCBuildConfiguration;
			buildSettings = {
				ALWAYS_SEARCH_USER_PATHS = NO;
				CLANG_ANALYZER_NONNULL = YES;
				CLANG_ANALYZER_NUMBER_OBJECT_CONVERSION = YES_AGGRESSIVE;
				CLANG_CXX_LANGUAGE_STANDARD = "gnu++17";
				CLANG_CXX_LIBRARY = "libc++";
				CLANG_ENABLE_MODULES = YES;
				CLANG_ENABLE_OBJC_ARC = YES;
				CLANG_ENABLE_OBJC_WEAK = YES;
				CLANG_WARN_BLOCK_CAPTURE_AUTORELEASING = YES;
				CLANG_WARN_BOOL_CONVERSION = YES;
				CLANG_WARN_COMMA = YES;
				CLANG_WARN_CONSTANT_CONVERSION = YES;
				CLANG_WARN_DEPRECATED_OBJC_IMPLEMENTATIONS = YES;
				CLANG_WARN_DIRECT_OBJC_ISA_USAGE = YES_ERROR;
				CLANG_WARN_DOCUMENTATION_COMMENTS = YES;
				CLANG_WARN_EMPTY_BODY = YES;
				CLANG_WARN_ENUM_CONVERSION = YES;
				CLANG_WARN_INFINITE_RECURSION = YES;
				CLANG_WARN_INT_CONVERSION = YES;
				CLANG_WARN_NON_LITERAL_NULL_CONVERSION = YES;
				CLANG_WARN_OBJC_IMPLICIT_RETAIN_SELF = YES;
				CLANG_WARN_OBJC_LITERAL_CONVERSION = YES;
				CLANG_WARN_OBJC_ROOT_CLASS = YES_ERROR;
				CLANG_WARN_QUOTED_INCLUDE_IN_FRAMEWORK_HEADER = YES;
				CLANG_WARN_RANGE_LOOP_ANALYSIS = YES;
				CLANG_WARN_STRICT_PROTOTYPES = YES;
				CLANG_WARN_SUSPICIOUS_MOVE = YES;
				CLANG_WARN_UNGUARDED_AVAILABILITY = YES_AGGRESSIVE;
				CLANG_WARN_UNREACHABLE_CODE = YES;
				CLANG_WARN__DUPLICATE_METHOD_MATCH = YES;
				COPY_PHASE_STRIP = NO;
				DEBUG_INFORMATION_FORMAT = dwarf;
				ENABLE_STRICT_OBJC_MSGSEND = YES;
				ENABLE_TESTABILITY = YES;
				GCC_C_LANGUAGE_STANDARD = gnu11;
				GCC_DYNAMIC_NO_PIC = NO;
				GCC_NO_COMMON_BLOCKS = YES;
				GCC_OPTIMIZATION_LEVEL = 0;
				GCC_PREPROCESSOR_DEFINITIONS = (
					"DEBUG=1",
					"$(inherited)",
				);
				GCC_WARN_64_TO_32_BIT_CONVERSION = YES;
				GCC_WARN_ABOUT_RETURN_TYPE = YES_ERROR;
				GCC_WARN_UNDECLARED_SELECTOR = YES;
				GCC_WARN_UNINITIALIZED_AUTOS = YES_AGGRESSIVE;
				GCC_WARN_UNUSED_FUNCTION = YES;
				GCC_WARN_UNUSED_VARIABLE = YES;
				MTL_ENABLE_DEBUG_INFO = INCLUDE_SOURCE;
				MTL_FAST_MATH = YES;
				ONLY_ACTIVE_ARCH = YES;
				SWIFT_ACTIVE_COMPILATION_CONDITIONS = DEBUG;
				SWIFT_OPTIMIZATION_LEVEL = "-Onone";
			};
			name = Debug;
		};
		445E7BA9277165E200EE8C05 /* Release */ = {
			isa = XCBuildConfiguration;
			buildSettings = {
				ALWAYS_SEARCH_USER_PATHS = NO;
				CLANG_ANALYZER_NONNULL = YES;
				CLANG_ANALYZER_NUMBER_OBJECT_CONVERSION = YES_AGGRESSIVE;
				CLANG_CXX_LANGUAGE_STANDARD = "gnu++17";
				CLANG_CXX_LIBRARY = "libc++";
				CLANG_ENABLE_MODULES = YES;
				CLANG_ENABLE_OBJC_ARC = YES;
				CLANG_ENABLE_OBJC_WEAK = YES;
				CLANG_WARN_BLOCK_CAPTURE_AUTORELEASING = YES;
				CLANG_WARN_BOOL_CONVERSION = YES;
				CLANG_WARN_COMMA = YES;
				CLANG_WARN_CONSTANT_CONVERSION = YES;
				CLANG_WARN_DEPRECATED_OBJC_IMPLEMENTATIONS = YES;
				CLANG_WARN_DIRECT_OBJC_ISA_USAGE = YES_ERROR;
				CLANG_WARN_DOCUMENTATION_COMMENTS = YES;
				CLANG_WARN_EMPTY_BODY = YES;
				CLANG_WARN_ENUM_CONVERSION = YES;
				CLANG_WARN_INFINITE_RECURSION = YES;
				CLANG_WARN_INT_CONVERSION = YES;
				CLANG_WARN_NON_LITERAL_NULL_CONVERSION = YES;
				CLANG_WARN_OBJC_IMPLICIT_RETAIN_SELF = YES;
				CLANG_WARN_OBJC_LITERAL_CONVERSION = YES;
				CLANG_WARN_OBJC_ROOT_CLASS = YES_ERROR;
				CLANG_WARN_QUOTED_INCLUDE_IN_FRAMEWORK_HEADER = YES;
				CLANG_WARN_RANGE_LOOP_ANALYSIS = YES;
				CLANG_WARN_STRICT_PROTOTYPES = YES;
				CLANG_WARN_SUSPICIOUS_MOVE = YES;
				CLANG_WARN_UNGUARDED_AVAILABILITY = YES_AGGRESSIVE;
				CLANG_WARN_UNREACHABLE_CODE = YES;
				CLANG_WARN__DUPLICATE_METHOD_MATCH = YES;
				COPY_PHASE_STRIP = NO;
				DEBUG_INFORMATION_FORMAT = "dwarf-with-dsym";
				ENABLE_NS_ASSERTIONS = NO;
				ENABLE_STRICT_OBJC_MSGSEND = YES;
				GCC_C_LANGUAGE_STANDARD = gnu11;
				GCC_NO_COMMON_BLOCKS = YES;
				GCC_WARN_64_TO_32_BIT_CONVERSION = YES;
				GCC_WARN_ABOUT_RETURN_TYPE = YES_ERROR;
				GCC_WARN_UNDECLARED_SELECTOR = YES;
				GCC_WARN_UNINITIALIZED_AUTOS = YES_AGGRESSIVE;
				GCC_WARN_UNUSED_FUNCTION = YES;
				GCC_WARN_UNUSED_VARIABLE = YES;
				MTL_ENABLE_DEBUG_INFO = NO;
				MTL_FAST_MATH = YES;
				SWIFT_COMPILATION_MODE = wholemodule;
				SWIFT_OPTIMIZATION_LEVEL = "-O";
			};
			name = Release;
		};
		445E7BAB277165E200EE8C05 /* Debug */ = {
			isa = XCBuildConfiguration;
			buildSettings = {
				ASSETCATALOG_COMPILER_APPICON_NAME = AppIcon;
				ASSETCATALOG_COMPILER_GLOBAL_ACCENT_COLOR_NAME = AccentColor;
				CODE_SIGN_STYLE = Automatic;
				CURRENT_PROJECT_VERSION = 1;
				DEVELOPMENT_TEAM = PG42NX97BG;
				ENABLE_PREVIEWS = YES;
				GENERATE_INFOPLIST_FILE = YES;
				INFOPLIST_KEY_UIApplicationSceneManifest_Generation = YES;
				INFOPLIST_KEY_UIApplicationSupportsIndirectInputEvents = YES;
				INFOPLIST_KEY_UILaunchScreen_Generation = YES;
				INFOPLIST_KEY_UISupportedInterfaceOrientations_iPad = "UIInterfaceOrientationPortrait UIInterfaceOrientationPortraitUpsideDown UIInterfaceOrientationLandscapeLeft UIInterfaceOrientationLandscapeRight";
				INFOPLIST_KEY_UISupportedInterfaceOrientations_iPhone = "UIInterfaceOrientationPortrait UIInterfaceOrientationLandscapeLeft UIInterfaceOrientationLandscapeRight";
				IPHONEOS_DEPLOYMENT_TARGET = 15.2;
				LD_RUNPATH_SEARCH_PATHS = (
					"$(inherited)",
					"@executable_path/Frameworks",
				);
				MARKETING_VERSION = 1.0;
				PRODUCT_BUNDLE_IDENTIFIER = com.ttt.SC2DB.SC2DB;
				PRODUCT_NAME = SC2DB;
				SDKROOT = iphoneos;
				SWIFT_EMIT_LOC_STRINGS = YES;
				SWIFT_VERSION = 5.0;
				TARGETED_DEVICE_FAMILY = "1,2";
			};
			name = Debug;
		};
		445E7BAC277165E200EE8C05 /* Release */ = {
			isa = XCBuildConfiguration;
			buildSettings = {
				ASSETCATALOG_COMPILER_APPICON_NAME = AppIcon;
				ASSETCATALOG_COMPILER_GLOBAL_ACCENT_COLOR_NAME = AccentColor;
				CODE_SIGN_STYLE = Automatic;
				CURRENT_PROJECT_VERSION = 1;
				DEVELOPMENT_TEAM = PG42NX97BG;
				ENABLE_PREVIEWS = YES;
				GENERATE_INFOPLIST_FILE = YES;
				INFOPLIST_KEY_UIApplicationSceneManifest_Generation = YES;
				INFOPLIST_KEY_UIApplicationSupportsIndirectInputEvents = YES;
				INFOPLIST_KEY_UILaunchScreen_Generation = YES;
				INFOPLIST_KEY_UISupportedInterfaceOrientations_iPad = "UIInterfaceOrientationPortrait UIInterfaceOrientationPortraitUpsideDown UIInterfaceOrientationLandscapeLeft UIInterfaceOrientationLandscapeRight";
				INFOPLIST_KEY_UISupportedInterfaceOrientations_iPhone = "UIInterfaceOrientationPortrait UIInterfaceOrientationLandscapeLeft UIInterfaceOrientationLandscapeRight";
				IPHONEOS_DEPLOYMENT_TARGET = 15.2;
				LD_RUNPATH_SEARCH_PATHS = (
					"$(inherited)",
					"@executable_path/Frameworks",
				);
				MARKETING_VERSION = 1.0;
				PRODUCT_BUNDLE_IDENTIFIER = com.ttt.SC2DB.SC2DB;
				PRODUCT_NAME = SC2DB;
				SDKROOT = iphoneos;
				SWIFT_EMIT_LOC_STRINGS = YES;
				SWIFT_VERSION = 5.0;
				TARGETED_DEVICE_FAMILY = "1,2";
				VALIDATE_PRODUCT = YES;
			};
			name = Release;
		};
		445E7BAE277165E200EE8C05 /* Debug */ = {
			isa = XCBuildConfiguration;
			buildSettings = {
				ASSETCATALOG_COMPILER_APPICON_NAME = AppIcon;
				ASSETCATALOG_COMPILER_GLOBAL_ACCENT_COLOR_NAME = AccentColor;
				CODE_SIGN_ENTITLEMENTS = macOS/macOS.entitlements;
				CODE_SIGN_STYLE = Automatic;
				COMBINE_HIDPI_IMAGES = YES;
				CURRENT_PROJECT_VERSION = 1;
				ENABLE_PREVIEWS = YES;
				GENERATE_INFOPLIST_FILE = YES;
				INFOPLIST_KEY_NSHumanReadableCopyright = "";
				LD_RUNPATH_SEARCH_PATHS = (
					"$(inherited)",
					"@executable_path/../Frameworks",
				);
				MACOSX_DEPLOYMENT_TARGET = 12.1;
				MARKETING_VERSION = 1.0;
				PRODUCT_BUNDLE_IDENTIFIER = com.ttt.SC2DB.SC2DB;
				PRODUCT_NAME = SC2DB;
				SDKROOT = macosx;
				SWIFT_EMIT_LOC_STRINGS = YES;
				SWIFT_VERSION = 5.0;
			};
			name = Debug;
		};
		445E7BAF277165E200EE8C05 /* Release */ = {
			isa = XCBuildConfiguration;
			buildSettings = {
				ASSETCATALOG_COMPILER_APPICON_NAME = AppIcon;
				ASSETCATALOG_COMPILER_GLOBAL_ACCENT_COLOR_NAME = AccentColor;
				CODE_SIGN_ENTITLEMENTS = macOS/macOS.entitlements;
				CODE_SIGN_STYLE = Automatic;
				COMBINE_HIDPI_IMAGES = YES;
				CURRENT_PROJECT_VERSION = 1;
				ENABLE_PREVIEWS = YES;
				GENERATE_INFOPLIST_FILE = YES;
				INFOPLIST_KEY_NSHumanReadableCopyright = "";
				LD_RUNPATH_SEARCH_PATHS = (
					"$(inherited)",
					"@executable_path/../Frameworks",
				);
				MACOSX_DEPLOYMENT_TARGET = 12.1;
				MARKETING_VERSION = 1.0;
				PRODUCT_BUNDLE_IDENTIFIER = com.ttt.SC2DB.SC2DB;
				PRODUCT_NAME = SC2DB;
				SDKROOT = macosx;
				SWIFT_EMIT_LOC_STRINGS = YES;
				SWIFT_VERSION = 5.0;
			};
			name = Release;
		};
		445E7BB1277165E200EE8C05 /* Debug */ = {
			isa = XCBuildConfiguration;
			buildSettings = {
				ALWAYS_EMBED_SWIFT_STANDARD_LIBRARIES = YES;
				CODE_SIGN_STYLE = Automatic;
				CURRENT_PROJECT_VERSION = 1;
				GENERATE_INFOPLIST_FILE = YES;
				IPHONEOS_DEPLOYMENT_TARGET = 15.2;
				MARKETING_VERSION = 1.0;
				PRODUCT_BUNDLE_IDENTIFIER = "com.ttt.SC2DB.Tests-iOS";
				PRODUCT_NAME = "$(TARGET_NAME)";
				SDKROOT = iphoneos;
				SWIFT_EMIT_LOC_STRINGS = NO;
				SWIFT_VERSION = 5.0;
				TARGETED_DEVICE_FAMILY = "1,2";
				TEST_TARGET_NAME = "SC2DB (iOS)";
			};
			name = Debug;
		};
		445E7BB2277165E200EE8C05 /* Release */ = {
			isa = XCBuildConfiguration;
			buildSettings = {
				ALWAYS_EMBED_SWIFT_STANDARD_LIBRARIES = YES;
				CODE_SIGN_STYLE = Automatic;
				CURRENT_PROJECT_VERSION = 1;
				GENERATE_INFOPLIST_FILE = YES;
				IPHONEOS_DEPLOYMENT_TARGET = 15.2;
				MARKETING_VERSION = 1.0;
				PRODUCT_BUNDLE_IDENTIFIER = "com.ttt.SC2DB.Tests-iOS";
				PRODUCT_NAME = "$(TARGET_NAME)";
				SDKROOT = iphoneos;
				SWIFT_EMIT_LOC_STRINGS = NO;
				SWIFT_VERSION = 5.0;
				TARGETED_DEVICE_FAMILY = "1,2";
				TEST_TARGET_NAME = "SC2DB (iOS)";
				VALIDATE_PRODUCT = YES;
			};
			name = Release;
		};
		445E7BB4277165E200EE8C05 /* Debug */ = {
			isa = XCBuildConfiguration;
			buildSettings = {
				ALWAYS_EMBED_SWIFT_STANDARD_LIBRARIES = YES;
				CODE_SIGN_STYLE = Automatic;
				CURRENT_PROJECT_VERSION = 1;
				GENERATE_INFOPLIST_FILE = YES;
				MACOSX_DEPLOYMENT_TARGET = 12.1;
				MARKETING_VERSION = 1.0;
				PRODUCT_BUNDLE_IDENTIFIER = "com.ttt.SC2DB.Tests-macOS";
				PRODUCT_NAME = "$(TARGET_NAME)";
				SDKROOT = macosx;
				SWIFT_EMIT_LOC_STRINGS = NO;
				SWIFT_VERSION = 5.0;
				TEST_TARGET_NAME = "SC2DB (macOS)";
			};
			name = Debug;
		};
		445E7BB5277165E200EE8C05 /* Release */ = {
			isa = XCBuildConfiguration;
			buildSettings = {
				ALWAYS_EMBED_SWIFT_STANDARD_LIBRARIES = YES;
				CODE_SIGN_STYLE = Automatic;
				CURRENT_PROJECT_VERSION = 1;
				GENERATE_INFOPLIST_FILE = YES;
				MACOSX_DEPLOYMENT_TARGET = 12.1;
				MARKETING_VERSION = 1.0;
				PRODUCT_BUNDLE_IDENTIFIER = "com.ttt.SC2DB.Tests-macOS";
				PRODUCT_NAME = "$(TARGET_NAME)";
				SDKROOT = macosx;
				SWIFT_EMIT_LOC_STRINGS = NO;
				SWIFT_VERSION = 5.0;
				TEST_TARGET_NAME = "SC2DB (macOS)";
			};
			name = Release;
		};
/* End XCBuildConfiguration section */

/* Begin XCConfigurationList section */
		445E7B78277165E100EE8C05 /* Build configuration list for PBXProject "SC2DB" */ = {
			isa = XCConfigurationList;
			buildConfigurations = (
				445E7BA8277165E200EE8C05 /* Debug */,
				445E7BA9277165E200EE8C05 /* Release */,
			);
			defaultConfigurationIsVisible = 0;
			defaultConfigurationName = Release;
		};
		445E7BAA277165E200EE8C05 /* Build configuration list for PBXNativeTarget "SC2DB (iOS)" */ = {
			isa = XCConfigurationList;
			buildConfigurations = (
				445E7BAB277165E200EE8C05 /* Debug */,
				445E7BAC277165E200EE8C05 /* Release */,
			);
			defaultConfigurationIsVisible = 0;
			defaultConfigurationName = Release;
		};
		445E7BAD277165E200EE8C05 /* Build configuration list for PBXNativeTarget "SC2DB (macOS)" */ = {
			isa = XCConfigurationList;
			buildConfigurations = (
				445E7BAE277165E200EE8C05 /* Debug */,
				445E7BAF277165E200EE8C05 /* Release */,
			);
			defaultConfigurationIsVisible = 0;
			defaultConfigurationName = Release;
		};
		445E7BB0277165E200EE8C05 /* Build configuration list for PBXNativeTarget "Tests iOS" */ = {
			isa = XCConfigurationList;
			buildConfigurations = (
				445E7BB1277165E200EE8C05 /* Debug */,
				445E7BB2277165E200EE8C05 /* Release */,
			);
			defaultConfigurationIsVisible = 0;
			defaultConfigurationName = Release;
		};
		445E7BB3277165E200EE8C05 /* Build configuration list for PBXNativeTarget "Tests macOS" */ = {
			isa = XCConfigurationList;
			buildConfigurations = (
				445E7BB4277165E200EE8C05 /* Debug */,
				445E7BB5277165E200EE8C05 /* Release */,
			);
			defaultConfigurationIsVisible = 0;
			defaultConfigurationName = Release;
		};
/* End XCConfigurationList section */
	};
	rootObject = 445E7B75277165E100EE8C05 /* Project object */;
}
